
Microsoft Visual Studio Solution File, Format Version 12.00
# Visual Studio Version 17
VisualStudioVersion = 17.9.34607.119
MinimumVisualStudioVersion = 10.0.40219.1
Project("{9A19103F-16F7-4668-BE54-9A1E7A4F7556}") = "NotYourAverageBicepShoppingApp.UIApp", "NotYourAverageBicepShoppingApp.UIApp\NotYourAverageBicepShoppingApp.UIApp.csproj", "{8E2CDB46-F502-4ED1-80EE-9F8A5B5F7808}"
EndProject
Project("{9A19103F-16F7-4668-BE54-9A1E7A4F7556}") = "NotYourAverageBicepShoppingApp.ProductsRestAPI", "..\NotYourAverageBicepShoppingApp.ProductsRestAPI\NotYourAverageBicepShoppingApp.ProductsRestAPI.csproj", "{DB178AD0-7AFA-4955-B564-1DCB589FD98A}"
EndProject
Project("{FAE04EC0-301F-11D3-BF4B-00C04F79EFBC}") = "NotYourAverageBicepShoppingApp.CartsRestAPI", "..\NotYourAverageBicepShoppingApp.CartsRestAPI\NotYourAverageBicepShoppingApp.CartsRestAPI.csproj", "{BF9E5746-EC54-4B6F-AC25-AF1FB2CDCDA1}"
EndProject
Global
	GlobalSection(SolutionConfigurationPlatforms) = preSolution
		Debug|Any CPU = Debug|Any CPU
		Release|Any CPU = Release|Any CPU
	EndGlobalSection
	GlobalSection(ProjectConfigurationPlatforms) = postSolution
		{8E2CDB46-F502-4ED1-80EE-9F8A5B5F7808}.Debug|Any CPU.ActiveCfg = Debug|Any CPU
		{8E2CDB46-F502-4ED1-80EE-9F8A5B5F7808}.Debug|Any CPU.Build.0 = Debug|Any CPU
		{8E2CDB46-F502-4ED1-80EE-9F8A5B5F7808}.Release|Any CPU.ActiveCfg = Release|Any CPU
		{8E2CDB46-F502-4ED1-80EE-9F8A5B5F7808}.Release|Any CPU.Build.0 = Release|Any CPU
		{DB178AD0-7AFA-4955-B564-1DCB589FD98A}.Debug|Any CPU.ActiveCfg = Debug|Any CPU
		{DB178AD0-7AFA-4955-B564-1DCB589FD98A}.Debug|Any CPU.Build.0 = Debug|Any CPU
		{DB178AD0-7AFA-4955-B564-1DCB589FD98A}.Release|Any CPU.ActiveCfg = Release|Any CPU
		{DB178AD0-7AFA-4955-B564-1DCB589FD98A}.Release|Any CPU.Build.0 = Release|Any CPU
		{BF9E5746-EC54-4B6F-AC25-AF1FB2CDCDA1}.Debug|Any CPU.ActiveCfg = Debug|Any CPU
		{BF9E5746-EC54-4B6F-AC25-AF1FB2CDCDA1}.Debug|Any CPU.Build.0 = Debug|Any CPU
		{BF9E5746-EC54-4B6F-AC25-AF1FB2CDCDA1}.Release|Any CPU.ActiveCfg = Release|Any CPU
		{BF9E5746-EC54-4B6F-AC25-AF1FB2CDCDA1}.Release|Any CPU.Build.0 = Release|Any CPU
	EndGlobalSection
	GlobalSection(SolutionProperties) = preSolution
		HideSolutionNode = FALSE
	EndGlobalSection
	GlobalSection(ExtensibilityGlobals) = postSolution
		SolutionGuid = {3E271A31-A7E1-47B4-86D5-48A09E4FF8FD}
	EndGlobalSection
EndGlobal
